
Microsoft Visual Studio Solution File, Format Version 12.00
# Visual Studio 15
Project("{FAE04EC0-301F-11D3-BF4B-00C04F79EFBC}") = "Assembly-CSharp", "Assembly-CSharp.csproj", "{16969AE0-BDC8-CB00-8A3D-CFBDE1DF6A6F}"
EndProject
Project("{FAE04EC0-301F-11D3-BF4B-00C04F79EFBC}") = "Assembly-CSharp-Editor", "Assembly-CSharp-Editor.csproj", "{00E8BCF1-D48A-C9A8-E932-D32E5D49DE15}"
EndProject
Global
	GlobalSection(SolutionConfigurationPlatforms) = preSolution
		Debug|Any CPU = Debug|Any CPU
		Release|Any CPU = Release|Any CPU
	EndGlobalSection
	GlobalSection(ProjectConfigurationPlatforms) = postSolution
		{16969AE0-BDC8-CB00-8A3D-CFBDE1DF6A6F}.Debug|Any CPU.ActiveCfg = Debug|Any CPU
		{16969AE0-BDC8-CB00-8A3D-CFBDE1DF6A6F}.Debug|Any CPU.Build.0 = Debug|Any CPU
		{16969AE0-BDC8-CB00-8A3D-CFBDE1DF6A6F}.Release|Any CPU.ActiveCfg = Release|Any CPU
		{16969AE0-BDC8-CB00-8A3D-CFBDE1DF6A6F}.Release|Any CPU.Build.0 = Release|Any CPU
		{00E8BCF1-D48A-C9A8-E932-D32E5D49DE15}.Debug|Any CPU.ActiveCfg = Debug|Any CPU
		{00E8BCF1-D48A-C9A8-E932-D32E5D49DE15}.Debug|Any CPU.Build.0 = Debug|Any CPU
		{00E8BCF1-D48A-C9A8-E932-D32E5D49DE15}.Release|Any CPU.ActiveCfg = Release|Any CPU
		{00E8BCF1-D48A-C9A8-E932-D32E5D49DE15}.Release|Any CPU.Build.0 = Release|Any CPU
	EndGlobalSection
	GlobalSection(SolutionProperties) = preSolution
		HideSolutionNode = FALSE
	EndGlobalSection
EndGlobal
